
Microsoft Visual Studio Solution File, Format Version 12.00
# Visual Studio Version 17
VisualStudioVersion = 17.14.37516.0 d17.14
MinimumVisualStudioVersion = 10.0.40219.1
Project("{FAE04EC0-301F-11D3-BF4B-00C04F79EFBC}") = "Bakalarska_prace_Server", "Bakalarska_prace_Server.csproj", "{C5F32A4D-5EF2-4A9D-B3F5-73902503B5AC}"
EndProject
Global
	GlobalSection(SolutionConfigurationPlatforms) = preSolution
		Debug|Any CPU = Debug|Any CPU
		Release|Any CPU = Release|Any CPU
	EndGlobalSection
	GlobalSection(ProjectConfigurationPlatforms) = postSolution
		{C5F32A4D-5EF2-4A9D-B3F5-73902503B5AC}.Debug|Any CPU.ActiveCfg = Debug|Any CPU
		{C5F32A4D-5EF2-4A9D-B3F5-73902503B5AC}.Debug|Any CPU.Build.0 = Debug|Any CPU
		{C5F32A4D-5EF2-4A9D-B3F5-73902503B5AC}.Release|Any CPU.ActiveCfg = Release|Any CPU
		{C5F32A4D-5EF2-4A9D-B3F5-73902503B5AC}.Release|Any CPU.Build.0 = Release|Any CPU
	EndGlobalSection
	GlobalSection(SolutionProperties) = preSolution
		HideSolutionNode = FALSE
	EndGlobalSection
	GlobalSection(ExtensibilityGlobals) = postSolution
		SolutionGuid = {618B0534-84CD-4BD7-A120-3E48D31EFE73}
	EndGlobalSection
EndGlobal
