
Microsoft Visual Studio Solution File, Format Version 12.00
# Visual Studio Version 17
VisualStudioVersion = 17.14.37516.0 d17.14
MinimumVisualStudioVersion = 10.0.40219.1
Project("{FAE04EC0-301F-11D3-BF4B-00C04F79EFBC}") = "Bakalarska-prace", "Bakalarska-prace.csproj", "{B3DC0836-C73E-6D1A-7285-A1F914FAACC7}"
EndProject
Global
	GlobalSection(SolutionConfigurationPlatforms) = preSolution
		Debug|Any CPU = Debug|Any CPU
		Release|Any CPU = Release|Any CPU
	EndGlobalSection
	GlobalSection(ProjectConfigurationPlatforms) = postSolution
		{B3DC0836-C73E-6D1A-7285-A1F914FAACC7}.Debug|Any CPU.ActiveCfg = Debug|Any CPU
		{B3DC0836-C73E-6D1A-7285-A1F914FAACC7}.Debug|Any CPU.Build.0 = Debug|Any CPU
		{B3DC0836-C73E-6D1A-7285-A1F914FAACC7}.Release|Any CPU.ActiveCfg = Release|Any CPU
		{B3DC0836-C73E-6D1A-7285-A1F914FAACC7}.Release|Any CPU.Build.0 = Release|Any CPU
	EndGlobalSection
	GlobalSection(SolutionProperties) = preSolution
		HideSolutionNode = FALSE
	EndGlobalSection
	GlobalSection(ExtensibilityGlobals) = postSolution
		SolutionGuid = {4058B924-D0E2-43B5-80B7-90E5C0A7BAF4}
	EndGlobalSection
EndGlobal
